
Microsoft Visual Studio Solution File, Format Version 12.00
# Visual Studio Version 16
VisualStudioVersion = 16.0.31829.152
MinimumVisualStudioVersion = 10.0.40219.1
Project("{FAE04EC0-301F-11D3-BF4B-00C04F79EFBC}") = "LTQL_1721050486", "LTQL_1721050486\LTQL_1721050486.csproj", "{CEC098BE-DE21-4801-885B-3E1073C9221B}"
EndProject
Global
	GlobalSection(SolutionConfigurationPlatforms) = preSolution
		Debug|Any CPU = Debug|Any CPU
		Release|Any CPU = Release|Any CPU
	EndGlobalSection
	GlobalSection(ProjectConfigurationPlatforms) = postSolution
		{CEC098BE-DE21-4801-885B-3E1073C9221B}.Debug|Any CPU.ActiveCfg = Debug|Any CPU
		{CEC098BE-DE21-4801-885B-3E1073C9221B}.Debug|Any CPU.Build.0 = Debug|Any CPU
		{CEC098BE-DE21-4801-885B-3E1073C9221B}.Release|Any CPU.ActiveCfg = Release|Any CPU
		{CEC098BE-DE21-4801-885B-3E1073C9221B}.Release|Any CPU.Build.0 = Release|Any CPU
	EndGlobalSection
	GlobalSection(SolutionProperties) = preSolution
		HideSolutionNode = FALSE
	EndGlobalSection
	GlobalSection(ExtensibilityGlobals) = postSolution
		SolutionGuid = {2BF2329D-AFD2-4A29-AE33-9D8551A2AB5B}
	EndGlobalSection
EndGlobal
